{
  "requires": true,
  "lockfileVersion": 1,
  "dependencies": {
    "@ionic/angular": {
      "version": "5.2.1",
      "resolved": "https://registry.npmjs.org/@ionic/angular/-/angular-5.2.1.tgz",
      "integrity": "sha512-CdtGMafw0J45uY3hxv4A5hfWOBlK2xvbCl+4hVCYhkk8r4PDJZuuSX+TW4+jSuV4qzvCgzsXaWO14QFWvRYddQ==",
      "requires": {
        "@ionic/core": "5.2.1",
        "tslib": "^1.9.3"
      }
    },
    "@ionic/core": {
      "version": "5.2.1",
      "resolved": "https://registry.npmjs.org/@ionic/core/-/core-5.2.1.tgz",
      "integrity": "sha512-jgNTAAMDXgPOi+1PBVh02rXeyC9loTSii4YETqc79y8u+gIcR094q2ragQf1rbhVa5dkTZaXmnhdRVVYbzaILA==",
      "requires": {
        "ionicons": "^5.0.1",
        "tslib": "^1.10.0"
      }
    },
    "cordova-plugin-nativeaudio": {
      "version": "3.0.9",
      "resolved": "https://registry.npmjs.org/cordova-plugin-nativeaudio/-/cordova-plugin-nativeaudio-3.0.9.tgz",
      "integrity": "sha1-Fs6/2u4kvrI8BfSXE8uHc7x4U2w="
    },
    "ionicons": {
      "version": "5.0.1",
      "resolved": "https://registry.npmjs.org/ionicons/-/ionicons-5.0.1.tgz",
      "integrity": "sha512-P9GHr7pgCJcG211W0wute49NZ9AvJZvFJf4OwYybakjX6j7tu0q5t5HNWn9bcb9YjI7SxBblJg8iqQ1Yb59DXw=="
    },
    "tslib": {
      "version": "1.13.0",
      "resolved": "https://registry.npmjs.org/tslib/-/tslib-1.13.0.tgz",
      "integrity": "sha512-i/6DQjL8Xf3be4K/E6Wgpekn5Qasl1usyw++dAA35Ue5orEn65VIxOA+YvNNl9HV3qv70T7CNwjODHZrLwvd1Q=="
    }
  }
}
